
Microsoft Visual Studio Solution File, Format Version 10.00
# Visual Studio 2008
Project("{FAE04EC0-301F-11D3-BF4B-00C04F79EFBC}") = "TiviT.NCloak", "src\TiviT.NCloak\TiviT.NCloak.csproj", "{0F869367-FA5A-4DB2-B4E6-06EF3916E88E}"
EndProject
Project("{FAE04EC0-301F-11D3-BF4B-00C04F79EFBC}") = "TiviT.NCloak.Console", "src\TiviT.NCloak.Console\TiviT.NCloak.Console.csproj", "{9BF2A4D1-ADC8-4A2A-BB88-89BB50022767}"
EndProject
Global
	GlobalSection(SolutionConfigurationPlatforms) = preSolution
		Debug|Any CPU = Debug|Any CPU
		Release|Any CPU = Release|Any CPU
	EndGlobalSection
	GlobalSection(ProjectConfigurationPlatforms) = postSolution
		{0F869367-FA5A-4DB2-B4E6-06EF3916E88E}.Debug|Any CPU.ActiveCfg = Debug|Any CPU
		{0F869367-FA5A-4DB2-B4E6-06EF3916E88E}.Debug|Any CPU.Build.0 = Debug|Any CPU
		{0F869367-FA5A-4DB2-B4E6-06EF3916E88E}.Release|Any CPU.ActiveCfg = Release|Any CPU
		{0F869367-FA5A-4DB2-B4E6-06EF3916E88E}.Release|Any CPU.Build.0 = Release|Any CPU
		{9BF2A4D1-ADC8-4A2A-BB88-89BB50022767}.Debug|Any CPU.ActiveCfg = Debug|Any CPU
		{9BF2A4D1-ADC8-4A2A-BB88-89BB50022767}.Debug|Any CPU.Build.0 = Debug|Any CPU
		{9BF2A4D1-ADC8-4A2A-BB88-89BB50022767}.Release|Any CPU.ActiveCfg = Release|Any CPU
		{9BF2A4D1-ADC8-4A2A-BB88-89BB50022767}.Release|Any CPU.Build.0 = Release|Any CPU
	EndGlobalSection
	GlobalSection(SolutionProperties) = preSolution
		HideSolutionNode = FALSE
	EndGlobalSection
EndGlobal
